// !$*UTF8*$!
{
	archiveVersion = 1;
	classes = {
	};
	objectVersion = 46;
	objects = {

/* Begin PBXBuildFile section */
		1D0906FE1B16361D009F9CB5 /* AudioRecordingCallback.swift in Sources */ = {isa = PBXBuildFile; fileRef = 1D0906FD1B16361D009F9CB5 /* AudioRecordingCallback.swift */; };
		1D0907001B16365B009F9CB5 /* AudioRecordingServiceProtocol.swift in Sources */ = {isa = PBXBuildFile; fileRef = 1D0906FF1B16365B009F9CB5 /* AudioRecordingServiceProtocol.swift */; };
		1D13E4931B008421007937A3 /* AppDelegate.swift in Sources */ = {isa = PBXBuildFile; fileRef = 1D13E4921B008421007937A3 /* AppDelegate.swift */; };
		1D13E4951B008421007937A3 /* RecordSoundsViewController.swift in Sources */ = {isa = PBXBuildFile; fileRef = 1D13E4941B008421007937A3 /* RecordSoundsViewController.swift */; };
		1D13E4981B008421007937A3 /* Main.storyboard in Resources */ = {isa = PBXBuildFile; fileRef = 1D13E4961B008421007937A3 /* Main.storyboard */; };
		1D13E49D1B008421007937A3 /* LaunchScreen.xib in Resources */ = {isa = PBXBuildFile; fileRef = 1D13E49B1B008421007937A3 /* LaunchScreen.xib */; };
		1D269DBF1B0868AD0051EB74 /* NavigationController.swift in Sources */ = {isa = PBXBuildFile; fileRef = 1D269DBE1B0868AD0051EB74 /* NavigationController.swift */; };
		1D3DA4A11B15956500D7F1AF /* SampleAudioRecordingService.swift in Sources */ = {isa = PBXBuildFile; fileRef = 1D3DA4A01B15956500D7F1AF /* SampleAudioRecordingService.swift */; };
		1D3DA4A31B1596FA00D7F1AF /* AudioEffect.swift in Sources */ = {isa = PBXBuildFile; fileRef = 1D3DA4A21B1596FA00D7F1AF /* AudioEffect.swift */; };
		1D717AB91B0329F600D769B2 /* helpers.swift in Sources */ = {isa = PBXBuildFile; fileRef = 1D717AB81B0329F600D769B2 /* helpers.swift */; };
		1D874A321B072373001A726D /* MainStoryboardNavigationSanityTests.swift in Sources */ = {isa = PBXBuildFile; fileRef = 1D874A311B072373001A726D /* MainStoryboardNavigationSanityTests.swift */; };
		1D874A341B072EE2001A726D /* spies.swift in Sources */ = {isa = PBXBuildFile; fileRef = 1D874A331B072EE2001A726D /* spies.swift */; };
		1D8F03F81B01C8DE0071709F /* Images.xcassets in Resources */ = {isa = PBXBuildFile; fileRef = 1D8F03F71B01C8DE0071709F /* Images.xcassets */; };
		1DD0E4231B104C2C00EA9B67 /* RecordSoundsTestCase.swift in Sources */ = {isa = PBXBuildFile; fileRef = 1DD0E4221B104C2C00EA9B67 /* RecordSoundsTestCase.swift */; };
		1DD0E4251B10D8D200EA9B67 /* AudioRecordingService.swift in Sources */ = {isa = PBXBuildFile; fileRef = 1DD0E4241B10D8D200EA9B67 /* AudioRecordingService.swift */; };
		1DD960911B0B8DA8001AAFDD /* movie_quote.mp3 in Resources */ = {isa = PBXBuildFile; fileRef = 1DD960901B0B8DA8001AAFDD /* movie_quote.mp3 */; };
		1DD960931B0B8E33001AAFDD /* helpers.swift in Sources */ = {isa = PBXBuildFile; fileRef = 1DD960921B0B8E33001AAFDD /* helpers.swift */; };
		1DE93DF81B0AFA6000644B34 /* PlaySoundsViewController.swift in Sources */ = {isa = PBXBuildFile; fileRef = 1DE93DF71B0AFA6000644B34 /* PlaySoundsViewController.swift */; };
		1DE93DFC1B0AFB5600644B34 /* PlaySoundsGeneralSanityTests.swift in Sources */ = {isa = PBXBuildFile; fileRef = 1DE93DFB1B0AFB5600644B34 /* PlaySoundsGeneralSanityTests.swift */; };
		1DECE30C1B05C1FB004D6495 /* EndOfRecordingSessionTests.swift in Sources */ = {isa = PBXBuildFile; fileRef = 1DECE30B1B05C1FB004D6495 /* EndOfRecordingSessionTests.swift */; };
		1DECE30E1B05C467004D6495 /* GeneralSanityTests.swift in Sources */ = {isa = PBXBuildFile; fileRef = 1DECE30D1B05C467004D6495 /* GeneralSanityTests.swift */; };
		1DECE3101B05C765004D6495 /* DefaultsTests.swift in Sources */ = {isa = PBXBuildFile; fileRef = 1DECE30F1B05C765004D6495 /* DefaultsTests.swift */; };
		1DECE3121B05C801004D6495 /* StartOfRecordingSessionTests.swift in Sources */ = {isa = PBXBuildFile; fileRef = 1DECE3111B05C801004D6495 /* StartOfRecordingSessionTests.swift */; };
		1DFA31301B14416C00B49950 /* AudioPlaybackService.swift in Sources */ = {isa = PBXBuildFile; fileRef = 1DFA312F1B14416C00B49950 /* AudioPlaybackService.swift */; };
		1DFA31331B155A6700B49950 /* RecordedAudio.swift in Sources */ = {isa = PBXBuildFile; fileRef = 1DFA31321B155A6700B49950 /* RecordedAudio.swift */; };
/* End PBXBuildFile section */

/* Begin PBXContainerItemProxy section */
		1D13E4A31B008421007937A3 /* PBXContainerItemProxy */ = {
			isa = PBXContainerItemProxy;
			containerPortal = 1D13E4851B008420007937A3 /* Project object */;
			proxyType = 1;
			remoteGlobalIDString = 1D13E48C1B008421007937A3;
			remoteInfo = PitchPerfect;
		};
/* End PBXContainerItemProxy section */

/* Begin PBXFileReference section */
		1D0906FD1B16361D009F9CB5 /* AudioRecordingCallback.swift */ = {isa = PBXFileReference; fileEncoding = 4; lastKnownFileType = sourcecode.swift; path = AudioRecordingCallback.swift; sourceTree = "<group>"; };
		1D0906FF1B16365B009F9CB5 /* AudioRecordingServiceProtocol.swift */ = {isa = PBXFileReference; fileEncoding = 4; lastKnownFileType = sourcecode.swift; path = AudioRecordingServiceProtocol.swift; sourceTree = "<group>"; };
		1D13E48D1B008421007937A3 /* PitchPerfect.app */ = {isa = PBXFileReference; explicitFileType = wrapper.application; includeInIndex = 0; path = PitchPerfect.app; sourceTree = BUILT_PRODUCTS_DIR; };
		1D13E4911B008421007937A3 /* Info.plist */ = {isa = PBXFileReference; lastKnownFileType = text.plist.xml; path = Info.plist; sourceTree = "<group>"; };
		1D13E4921B008421007937A3 /* AppDelegate.swift */ = {isa = PBXFileReference; lastKnownFileType = sourcecode.swift; path = AppDelegate.swift; sourceTree = "<group>"; };
		1D13E4941B008421007937A3 /* RecordSoundsViewController.swift */ = {isa = PBXFileReference; lastKnownFileType = sourcecode.swift; path = RecordSoundsViewController.swift; sourceTree = "<group>"; };
		1D13E4971B008421007937A3 /* Base */ = {isa = PBXFileReference; lastKnownFileType = file.storyboard; name = Base; path = Base.lproj/Main.storyboard; sourceTree = "<group>"; };
		1D13E49C1B008421007937A3 /* Base */ = {isa = PBXFileReference; lastKnownFileType = file.xib; name = Base; path = Base.lproj/LaunchScreen.xib; sourceTree = "<group>"; };
		1D13E4A21B008421007937A3 /* PitchPerfectTests.xctest */ = {isa = PBXFileReference; explicitFileType = wrapper.cfbundle; includeInIndex = 0; path = PitchPerfectTests.xctest; sourceTree = BUILT_PRODUCTS_DIR; };
		1D13E4A71B008421007937A3 /* Info.plist */ = {isa = PBXFileReference; lastKnownFileType = text.plist.xml; path = Info.plist; sourceTree = "<group>"; };
		1D269DBE1B0868AD0051EB74 /* NavigationController.swift */ = {isa = PBXFileReference; fileEncoding = 4; lastKnownFileType = sourcecode.swift; path = NavigationController.swift; sourceTree = "<group>"; };
		1D3DA4A01B15956500D7F1AF /* SampleAudioRecordingService.swift */ = {isa = PBXFileReference; fileEncoding = 4; lastKnownFileType = sourcecode.swift; path = SampleAudioRecordingService.swift; sourceTree = "<group>"; };
		1D3DA4A21B1596FA00D7F1AF /* AudioEffect.swift */ = {isa = PBXFileReference; fileEncoding = 4; lastKnownFileType = sourcecode.swift; path = AudioEffect.swift; sourceTree = "<group>"; };
		1D717AB81B0329F600D769B2 /* helpers.swift */ = {isa = PBXFileReference; fileEncoding = 4; lastKnownFileType = sourcecode.swift; path = helpers.swift; sourceTree = "<group>"; };
		1D874A311B072373001A726D /* MainStoryboardNavigationSanityTests.swift */ = {isa = PBXFileReference; fileEncoding = 4; lastKnownFileType = sourcecode.swift; path = MainStoryboardNavigationSanityTests.swift; sourceTree = "<group>"; };
		1D874A331B072EE2001A726D /* spies.swift */ = {isa = PBXFileReference; fileEncoding = 4; lastKnownFileType = sourcecode.swift; path = spies.swift; sourceTree = "<group>"; };
		1D8F03F71B01C8DE0071709F /* Images.xcassets */ = {isa = PBXFileReference; lastKnownFileType = folder.assetcatalog; path = Images.xcassets; sourceTree = "<group>"; };
		1DD0E4221B104C2C00EA9B67 /* RecordSoundsTestCase.swift */ = {isa = PBXFileReference; fileEncoding = 4; lastKnownFileType = sourcecode.swift; path = RecordSoundsTestCase.swift; sourceTree = "<group>"; };
		1DD0E4241B10D8D200EA9B67 /* AudioRecordingService.swift */ = {isa = PBXFileReference; fileEncoding = 4; lastKnownFileType = sourcecode.swift; path = AudioRecordingService.swift; sourceTree = "<group>"; };
		1DD960901B0B8DA8001AAFDD /* movie_quote.mp3 */ = {isa = PBXFileReference; lastKnownFileType = audio.mp3; path = movie_quote.mp3; sourceTree = "<group>"; };
		1DD960921B0B8E33001AAFDD /* helpers.swift */ = {isa = PBXFileReference; fileEncoding = 4; lastKnownFileType = sourcecode.swift; path = helpers.swift; sourceTree = "<group>"; };
		1DE93DF71B0AFA6000644B34 /* PlaySoundsViewController.swift */ = {isa = PBXFileReference; fileEncoding = 4; lastKnownFileType = sourcecode.swift; path = PlaySoundsViewController.swift; sourceTree = "<group>"; };
		1DE93DFB1B0AFB5600644B34 /* PlaySoundsGeneralSanityTests.swift */ = {isa = PBXFileReference; fileEncoding = 4; lastKnownFileType = sourcecode.swift; path = PlaySoundsGeneralSanityTests.swift; sourceTree = "<group>"; };
		1DECE30B1B05C1FB004D6495 /* EndOfRecordingSessionTests.swift */ = {isa = PBXFileReference; fileEncoding = 4; lastKnownFileType = sourcecode.swift; path = EndOfRecordingSessionTests.swift; sourceTree = "<group>"; };
		1DECE30D1B05C467004D6495 /* GeneralSanityTests.swift */ = {isa = PBXFileReference; fileEncoding = 4; lastKnownFileType = sourcecode.swift; path = GeneralSanityTests.swift; sourceTree = "<group>"; };
		1DECE30F1B05C765004D6495 /* DefaultsTests.swift */ = {isa = PBXFileReference; fileEncoding = 4; lastKnownFileType = sourcecode.swift; path = DefaultsTests.swift; sourceTree = "<group>"; };
		1DECE3111B05C801004D6495 /* StartOfRecordingSessionTests.swift */ = {isa = PBXFileReference; fileEncoding = 4; lastKnownFileType = sourcecode.swift; path = StartOfRecordingSessionTests.swift; sourceTree = "<group>"; };
		1DFA312F1B14416C00B49950 /* AudioPlaybackService.swift */ = {isa = PBXFileReference; fileEncoding = 4; lastKnownFileType = sourcecode.swift; path = AudioPlaybackService.swift; sourceTree = "<group>"; };
		1DFA31321B155A6700B49950 /* RecordedAudio.swift */ = {isa = PBXFileReference; fileEncoding = 4; lastKnownFileType = sourcecode.swift; path = RecordedAudio.swift; sourceTree = "<group>"; };
/* End PBXFileReference section */

/* Begin PBXFrameworksBuildPhase section */
		1D13E48A1B008421007937A3 /* Frameworks */ = {
			isa = PBXFrameworksBuildPhase;
			buildActionMask = 2147483647;
			files = (
			);
			runOnlyForDeploymentPostprocessing = 0;
		};
		1D13E49F1B008421007937A3 /* Frameworks */ = {
			isa = PBXFrameworksBuildPhase;
			buildActionMask = 2147483647;
			files = (
			);
			runOnlyForDeploymentPostprocessing = 0;
		};
/* End PBXFrameworksBuildPhase section */

/* Begin PBXGroup section */
		1D13E4841B008420007937A3 = {
			isa = PBXGroup;
			children = (
				1D13E48F1B008421007937A3 /* PitchPerfect */,
				1D13E4A51B008421007937A3 /* PitchPerfectTests */,
				1D13E48E1B008421007937A3 /* Products */,
			);
			sourceTree = "<group>";
		};
		1D13E48E1B008421007937A3 /* Products */ = {
			isa = PBXGroup;
			children = (
				1D13E48D1B008421007937A3 /* PitchPerfect.app */,
				1D13E4A21B008421007937A3 /* PitchPerfectTests.xctest */,
			);
			name = Products;
			sourceTree = "<group>";
		};
		1D13E48F1B008421007937A3 /* PitchPerfect */ = {
			isa = PBXGroup;
			children = (
				1D3DA49F1B15954400D7F1AF /* Services */,
				1DFA31311B155A5600B49950 /* Models */,
				1D8F03F71B01C8DE0071709F /* Images.xcassets */,
				1D13E4921B008421007937A3 /* AppDelegate.swift */,
				1D13E4941B008421007937A3 /* RecordSoundsViewController.swift */,
				1DE93DF71B0AFA6000644B34 /* PlaySoundsViewController.swift */,
				1D13E4961B008421007937A3 /* Main.storyboard */,
				1D13E49B1B008421007937A3 /* LaunchScreen.xib */,
				1D13E4901B008421007937A3 /* Supporting Files */,
				1D269DBE1B0868AD0051EB74 /* NavigationController.swift */,
				1DD960921B0B8E33001AAFDD /* helpers.swift */,
			);
			path = PitchPerfect;
			sourceTree = "<group>";
		};
		1D13E4901B008421007937A3 /* Supporting Files */ = {
			isa = PBXGroup;
			children = (
				1DD960901B0B8DA8001AAFDD /* movie_quote.mp3 */,
				1D13E4911B008421007937A3 /* Info.plist */,
			);
			name = "Supporting Files";
			sourceTree = "<group>";
		};
		1D13E4A51B008421007937A3 /* PitchPerfectTests */ = {
			isa = PBXGroup;
			children = (
				1DE93DFA1B0AFB3C00644B34 /* PlaySounds */,
				1D874A301B072373001A726D /* Navigation */,
				1DECE30A1B05C1FB004D6495 /* RecordSounds */,
				1D13E4A61B008421007937A3 /* Supporting Files */,
				1D717AB81B0329F600D769B2 /* helpers.swift */,
				1D874A331B072EE2001A726D /* spies.swift */,
			);
			path = PitchPerfectTests;
			sourceTree = "<group>";
		};
		1D13E4A61B008421007937A3 /* Supporting Files */ = {
			isa = PBXGroup;
			children = (
				1D13E4A71B008421007937A3 /* Info.plist */,
			);
			name = "Supporting Files";
			sourceTree = "<group>";
		};
		1D3DA49F1B15954400D7F1AF /* Services */ = {
			isa = PBXGroup;
			children = (
				1DD0E4241B10D8D200EA9B67 /* AudioRecordingService.swift */,
				1D0906FF1B16365B009F9CB5 /* AudioRecordingServiceProtocol.swift */,
				1DFA312F1B14416C00B49950 /* AudioPlaybackService.swift */,
				1D3DA4A01B15956500D7F1AF /* SampleAudioRecordingService.swift */,
				1D3DA4A21B1596FA00D7F1AF /* AudioEffect.swift */,
				1D0906FD1B16361D009F9CB5 /* AudioRecordingCallback.swift */,
			);
			name = Services;
			sourceTree = "<group>";
		};
		1D874A301B072373001A726D /* Navigation */ = {
			isa = PBXGroup;
			children = (
				1D874A311B072373001A726D /* MainStoryboardNavigationSanityTests.swift */,
			);
			path = Navigation;
			sourceTree = "<group>";
		};
		1DE93DFA1B0AFB3C00644B34 /* PlaySounds */ = {
			isa = PBXGroup;
			children = (
				1DE93DFB1B0AFB5600644B34 /* PlaySoundsGeneralSanityTests.swift */,
			);
			path = PlaySounds;
			sourceTree = "<group>";
		};
		1DECE30A1B05C1FB004D6495 /* RecordSounds */ = {
			isa = PBXGroup;
			children = (
				1DECE30B1B05C1FB004D6495 /* EndOfRecordingSessionTests.swift */,
				1DECE3111B05C801004D6495 /* StartOfRecordingSessionTests.swift */,
				1DECE30F1B05C765004D6495 /* DefaultsTests.swift */,
				1DECE30D1B05C467004D6495 /* GeneralSanityTests.swift */,
				1DD0E4221B104C2C00EA9B67 /* RecordSoundsTestCase.swift */,
			);
			name = RecordSounds;
			path = ViewController;
			sourceTree = "<group>";
		};
		1DFA31311B155A5600B49950 /* Models */ = {
			isa = PBXGroup;
			children = (
				1DFA31321B155A6700B49950 /* RecordedAudio.swift */,
			);
			name = Models;
			sourceTree = "<group>";
		};
/* End PBXGroup section */

/* Begin PBXNativeTarget section */
		1D13E48C1B008421007937A3 /* PitchPerfect */ = {
			isa = PBXNativeTarget;
			buildConfigurationList = 1D13E4AC1B008421007937A3 /* Build configuration list for PBXNativeTarget "PitchPerfect" */;
			buildPhases = (
				1D13E4891B008421007937A3 /* Sources */,
				1D13E48A1B008421007937A3 /* Frameworks */,
				1D13E48B1B008421007937A3 /* Resources */,
			);
			buildRules = (
			);
			dependencies = (
			);
			name = PitchPerfect;
			productName = PitchPerfect;
			productReference = 1D13E48D1B008421007937A3 /* PitchPerfect.app */;
			productType = "com.apple.product-type.application";
		};
		1D13E4A11B008421007937A3 /* PitchPerfectTests */ = {
			isa = PBXNativeTarget;
			buildConfigurationList = 1D13E4AF1B008421007937A3 /* Build configuration list for PBXNativeTarget "PitchPerfectTests" */;
			buildPhases = (
				1D13E49E1B008421007937A3 /* Sources */,
				1D13E49F1B008421007937A3 /* Frameworks */,
				1D13E4A01B008421007937A3 /* Resources */,
			);
			buildRules = (
			);
			dependencies = (
				1D13E4A41B008421007937A3 /* PBXTargetDependency */,
			);
			name = PitchPerfectTests;
			productName = PitchPerfectTests;
			productReference = 1D13E4A21B008421007937A3 /* PitchPerfectTests.xctest */;
			productType = "com.apple.product-type.bundle.unit-test";
		};
/* End PBXNativeTarget section */

/* Begin PBXProject section */
		1D13E4851B008420007937A3 /* Project object */ = {
			isa = PBXProject;
			attributes = {
				LastUpgradeCheck = 0630;
				ORGANIZATIONNAME = "Pavel Tsurbeleu";
				TargetAttributes = {
					1D13E48C1B008421007937A3 = {
						CreatedOnToolsVersion = 6.3.1;
					};
					1D13E4A11B008421007937A3 = {
						CreatedOnToolsVersion = 6.3.1;
						TestTargetID = 1D13E48C1B008421007937A3;
					};
				};
			};
			buildConfigurationList = 1D13E4881B008420007937A3 /* Build configuration list for PBXProject "PitchPerfect" */;
			compatibilityVersion = "Xcode 3.2";
			developmentRegion = English;
			hasScannedForEncodings = 0;
			knownRegions = (
				en,
				Base,
			);
			mainGroup = 1D13E4841B008420007937A3;
			productRefGroup = 1D13E48E1B008421007937A3 /* Products */;
			projectDirPath = "";
			projectRoot = "";
			targets = (
				1D13E48C1B008421007937A3 /* PitchPerfect */,
				1D13E4A11B008421007937A3 /* PitchPerfectTests */,
			);
		};
/* End PBXProject section */

/* Begin PBXResourcesBuildPhase section */
		1D13E48B1B008421007937A3 /* Resources */ = {
			isa = PBXResourcesBuildPhase;
			buildActionMask = 2147483647;
			files = (
				1D8F03F81B01C8DE0071709F /* Images.xcassets in Resources */,
				1D13E4981B008421007937A3 /* Main.storyboard in Resources */,
				1DD960911B0B8DA8001AAFDD /* movie_quote.mp3 in Resources */,
				1D13E49D1B008421007937A3 /* LaunchScreen.xib in Resources */,
			);
			runOnlyForDeploymentPostprocessing = 0;
		};
		1D13E4A01B008421007937A3 /* Resources */ = {
			isa = PBXResourcesBuildPhase;
			buildActionMask = 2147483647;
			files = (
			);
			runOnlyForDeploymentPostprocessing = 0;
		};
/* End PBXResourcesBuildPhase section */

/* Begin PBXSourcesBuildPhase section */
		1D13E4891B008421007937A3 /* Sources */ = {
			isa = PBXSourcesBuildPhase;
			buildActionMask = 2147483647;
			files = (
				1D0907001B16365B009F9CB5 /* AudioRecordingServiceProtocol.swift in Sources */,
				1DFA31331B155A6700B49950 /* RecordedAudio.swift in Sources */,
				1D13E4951B008421007937A3 /* RecordSoundsViewController.swift in Sources */,
				1D269DBF1B0868AD0051EB74 /* NavigationController.swift in Sources */,
				1DD0E4251B10D8D200EA9B67 /* AudioRecordingService.swift in Sources */,
				1DE93DF81B0AFA6000644B34 /* PlaySoundsViewController.swift in Sources */,
				1DFA31301B14416C00B49950 /* AudioPlaybackService.swift in Sources */,
				1D13E4931B008421007937A3 /* AppDelegate.swift in Sources */,
				1D3DA4A11B15956500D7F1AF /* SampleAudioRecordingService.swift in Sources */,
				1DD960931B0B8E33001AAFDD /* helpers.swift in Sources */,
				1D3DA4A31B1596FA00D7F1AF /* AudioEffect.swift in Sources */,
				1D0906FE1B16361D009F9CB5 /* AudioRecordingCallback.swift in Sources */,
			);
			runOnlyForDeploymentPostprocessing = 0;
		};
		1D13E49E1B008421007937A3 /* Sources */ = {
			isa = PBXSourcesBuildPhase;
			buildActionMask = 2147483647;
			files = (
				1DE93DFC1B0AFB5600644B34 /* PlaySoundsGeneralSanityTests.swift in Sources */,
				1DECE30E1B05C467004D6495 /* GeneralSanityTests.swift in Sources */,
				1D874A341B072EE2001A726D /* spies.swift in Sources */,
				1DD0E4231B104C2C00EA9B67 /* RecordSoundsTestCase.swift in Sources */,
				1DECE3101B05C765004D6495 /* DefaultsTests.swift in Sources */,
				1DECE30C1B05C1FB004D6495 /* EndOfRecordingSessionTests.swift in Sources */,
				1D874A321B072373001A726D /* MainStoryboardNavigationSanityTests.swift in Sources */,
				1D717AB91B0329F600D769B2 /* helpers.swift in Sources */,
				1DECE3121B05C801004D6495 /* StartOfRecordingSessionTests.swift in Sources */,
			);
			runOnlyForDeploymentPostprocessing = 0;
		};
/* End PBXSourcesBuildPhase section */

/* Begin PBXTargetDependency section */
		1D13E4A41B008421007937A3 /* PBXTargetDependency */ = {
			isa = PBXTargetDependency;
			target = 1D13E48C1B008421007937A3 /* PitchPerfect */;
			targetProxy = 1D13E4A31B008421007937A3 /* PBXContainerItemProxy */;
		};
/* End PBXTargetDependency section */

/* Begin PBXVariantGroup section */
		1D13E4961B008421007937A3 /* Main.storyboard */ = {
			isa = PBXVariantGroup;
			children = (
				1D13E4971B008421007937A3 /* Base */,
			);
			name = Main.storyboard;
			sourceTree = "<group>";
		};
		1D13E49B1B008421007937A3 /* LaunchScreen.xib */ = {
			isa = PBXVariantGroup;
			children = (
				1D13E49C1B008421007937A3 /* Base */,
			);
			name = LaunchScreen.xib;
			sourceTree = "<group>";
		};
/* End PBXVariantGroup section */

/* Begin XCBuildConfiguration section */
		1D13E4AA1B008421007937A3 /* Debug */ = {
			isa = XCBuildConfiguration;
			buildSettings = {
				ALWAYS_SEARCH_USER_PATHS = NO;
				CLANG_CXX_LANGUAGE_STANDARD = "gnu++0x";
				CLANG_CXX_LIBRARY = "libc++";
				CLANG_ENABLE_MODULES = YES;
				CLANG_ENABLE_OBJC_ARC = YES;
				CLANG_WARN_BOOL_CONVERSION = YES;
				CLANG_WARN_CONSTANT_CONVERSION = YES;
				CLANG_WARN_DIRECT_OBJC_ISA_USAGE = YES_ERROR;
				CLANG_WARN_EMPTY_BODY = YES;
				CLANG_WARN_ENUM_CONVERSION = YES;
				CLANG_WARN_INT_CONVERSION = YES;
				CLANG_WARN_OBJC_ROOT_CLASS = YES_ERROR;
				CLANG_WARN_UNREACHABLE_CODE = YES;
				CLANG_WARN__DUPLICATE_METHOD_MATCH = YES;
				"CODE_SIGN_IDENTITY[sdk=iphoneos*]" = "iPhone Developer";
				COPY_PHASE_STRIP = NO;
				DEBUG_INFORMATION_FORMAT = "dwarf-with-dsym";
				ENABLE_STRICT_OBJC_MSGSEND = YES;
				GCC_C_LANGUAGE_STANDARD = gnu99;
				GCC_DYNAMIC_NO_PIC = NO;
				GCC_NO_COMMON_BLOCKS = YES;
				GCC_OPTIMIZATION_LEVEL = 0;
				GCC_PREPROCESSOR_DEFINITIONS = (
					"DEBUG=1",
					"$(inherited)",
				);
				GCC_SYMBOLS_PRIVATE_EXTERN = NO;
				GCC_WARN_64_TO_32_BIT_CONVERSION = YES;
				GCC_WARN_ABOUT_RETURN_TYPE = YES_ERROR;
				GCC_WARN_UNDECLARED_SELECTOR = YES;
				GCC_WARN_UNINITIALIZED_AUTOS = YES_AGGRESSIVE;
				GCC_WARN_UNUSED_FUNCTION = YES;
				GCC_WARN_UNUSED_VARIABLE = YES;
				IPHONEOS_DEPLOYMENT_TARGET = 8.3;
				MTL_ENABLE_DEBUG_INFO = YES;
				ONLY_ACTIVE_ARCH = YES;
				OTHER_SWIFT_FLAGS = "";
				SDKROOT = iphoneos;
				SWIFT_OPTIMIZATION_LEVEL = "-Onone";
			};
			name = Debug;
		};
		1D13E4AB1B008421007937A3 /* Release */ = {
			isa = XCBuildConfiguration;
			buildSettings = {
				ALWAYS_SEARCH_USER_PATHS = NO;
				CLANG_CXX_LANGUAGE_STANDARD = "gnu++0x";
				CLANG_CXX_LIBRARY = "libc++";
				CLANG_ENABLE_MODULES = YES;
				CLANG_ENABLE_OBJC_ARC = YES;
				CLANG_WARN_BOOL_CONVERSION = YES;
				CLANG_WARN_CONSTANT_CONVERSION = YES;
				CLANG_WARN_DIRECT_OBJC_ISA_USAGE = YES_ERROR;
				CLANG_WARN_EMPTY_BODY = YES;
				CLANG_WARN_ENUM_CONVERSION = YES;
				CLANG_WARN_INT_CONVERSION = YES;
				CLANG_WARN_OBJC_ROOT_CLASS = YES_ERROR;
				CLANG_WARN_UNREACHABLE_CODE = YES;
				CLANG_WARN__DUPLICATE_METHOD_MATCH = YES;
				"CODE_SIGN_IDENTITY[sdk=iphoneos*]" = "iPhone Developer";
				COPY_PHASE_STRIP = NO;
				DEBUG_INFORMATION_FORMAT = "dwarf-with-dsym";
				ENABLE_NS_ASSERTIONS = NO;
				ENABLE_STRICT_OBJC_MSGSEND = YES;
				GCC_C_LANGUAGE_STANDARD = gnu99;
				GCC_NO_COMMON_BLOCKS = YES;
				GCC_WARN_64_TO_32_BIT_CONVERSION = YES;
				GCC_WARN_ABOUT_RETURN_TYPE = YES_ERROR;
				GCC_WARN_UNDECLARED_SELECTOR = YES;
				GCC_WARN_UNINITIALIZED_AUTOS = YES_AGGRESSIVE;
				GCC_WARN_UNUSED_FUNCTION = YES;
				GCC_WARN_UNUSED_VARIABLE = YES;
				IPHONEOS_DEPLOYMENT_TARGET = 8.3;
				MTL_ENABLE_DEBUG_INFO = NO;
				SDKROOT = iphoneos;
				VALIDATE_PRODUCT = YES;
			};
			name = Release;
		};
		1D13E4AD1B008421007937A3 /* Debug */ = {
			isa = XCBuildConfiguration;
			buildSettings = {
				ASSETCATALOG_COMPILER_APPICON_NAME = AppIcon;
				INFOPLIST_FILE = PitchPerfect/Info.plist;
				LD_RUNPATH_SEARCH_PATHS = "$(inherited) @executable_path/Frameworks";
				OTHER_SWIFT_FLAGS = "";
				PRODUCT_NAME = "$(TARGET_NAME)";
			};
			name = Debug;
		};
		1D13E4AE1B008421007937A3 /* Release */ = {
			isa = XCBuildConfiguration;
			buildSettings = {
				ASSETCATALOG_COMPILER_APPICON_NAME = AppIcon;
				INFOPLIST_FILE = PitchPerfect/Info.plist;
				LD_RUNPATH_SEARCH_PATHS = "$(inherited) @executable_path/Frameworks";
				OTHER_SWIFT_FLAGS = "";
				PRODUCT_NAME = "$(TARGET_NAME)";
			};
			name = Release;
		};
		1D13E4B01B008421007937A3 /* Debug */ = {
			isa = XCBuildConfiguration;
			buildSettings = {
				BUNDLE_LOADER = "$(TEST_HOST)";
				FRAMEWORK_SEARCH_PATHS = (
					"$(SDKROOT)/Developer/Library/Frameworks",
					"$(inherited)",
				);
				GCC_PREPROCESSOR_DEFINITIONS = (
					"DEBUG=1",
					"$(inherited)",
				);
				INFOPLIST_FILE = PitchPerfectTests/Info.plist;
				LD_RUNPATH_SEARCH_PATHS = "$(inherited) @executable_path/Frameworks @loader_path/Frameworks";
				PRODUCT_NAME = "$(TARGET_NAME)";
				TEST_HOST = "$(BUILT_PRODUCTS_DIR)/PitchPerfect.app/PitchPerfect";
			};
			name = Debug;
		};
		1D13E4B11B008421007937A3 /* Release */ = {
			isa = XCBuildConfiguration;
			buildSettings = {
				BUNDLE_LOADER = "$(TEST_HOST)";
				FRAMEWORK_SEARCH_PATHS = (
					"$(SDKROOT)/Developer/Library/Frameworks",
					"$(inherited)",
				);
				INFOPLIST_FILE = PitchPerfectTests/Info.plist;
				LD_RUNPATH_SEARCH_PATHS = "$(inherited) @executable_path/Frameworks @loader_path/Frameworks";
				OTHER_SWIFT_FLAGS = "";
				PRODUCT_NAME = "$(TARGET_NAME)";
				TEST_HOST = "$(BUILT_PRODUCTS_DIR)/PitchPerfect.app/PitchPerfect";
			};
			name = Release;
		};
/* End XCBuildConfiguration section */

/* Begin XCConfigurationList section */
		1D13E4881B008420007937A3 /* Build configuration list for PBXProject "PitchPerfect" */ = {
			isa = XCConfigurationList;
			buildConfigurations = (
				1D13E4AA1B008421007937A3 /* Debug */,
				1D13E4AB1B008421007937A3 /* Release */,
			);
			defaultConfigurationIsVisible = 0;
			defaultConfigurationName = Release;
		};
		1D13E4AC1B008421007937A3 /* Build configuration list for PBXNativeTarget "PitchPerfect" */ = {
			isa = XCConfigurationList;
			buildConfigurations = (
				1D13E4AD1B008421007937A3 /* Debug */,
				1D13E4AE1B008421007937A3 /* Release */,
			);
			defaultConfigurationIsVisible = 0;
			defaultConfigurationName = Release;
		};
		1D13E4AF1B008421007937A3 /* Build configuration list for PBXNativeTarget "PitchPerfectTests" */ = {
			isa = XCConfigurationList;
			buildConfigurations = (
				1D13E4B01B008421007937A3 /* Debug */,
				1D13E4B11B008421007937A3 /* Release */,
			);
			defaultConfigurationIsVisible = 0;
			defaultConfigurationName = Release;
		};
/* End XCConfigurationList section */
	};
	rootObject = 1D13E4851B008420007937A3 /* Project object */;
}
